
Microsoft Visual Studio Solution File, Format Version 12.00
# Visual Studio 2015
Project("{FAE04EC0-301F-11D3-BF4B-00C04F79EFBC}") = "Rubik2 - Copy", "Rubik2 - Copy.csproj", "{54511D98-FB64-F5A8-0602-47F25F3A1975}"
EndProject
Global
	GlobalSection(SolutionConfigurationPlatforms) = preSolution
		Debug|Any CPU = Debug|Any CPU
		Release|Any CPU = Release|Any CPU
	EndGlobalSection
	GlobalSection(ProjectConfigurationPlatforms) = postSolution
		{54511D98-FB64-F5A8-0602-47F25F3A1975}.Debug|Any CPU.ActiveCfg = Debug|Any CPU
		{54511D98-FB64-F5A8-0602-47F25F3A1975}.Debug|Any CPU.Build.0 = Debug|Any CPU
		{54511D98-FB64-F5A8-0602-47F25F3A1975}.Release|Any CPU.ActiveCfg = Release|Any CPU
		{54511D98-FB64-F5A8-0602-47F25F3A1975}.Release|Any CPU.Build.0 = Release|Any CPU
	EndGlobalSection
	GlobalSection(SolutionProperties) = preSolution
		HideSolutionNode = FALSE
	EndGlobalSection
EndGlobal
